
Microsoft Visual Studio Solution File, Format Version 12.00
# Visual Studio Version 16
VisualStudioVersion = 16.0.30114.105
MinimumVisualStudioVersion = 10.0.40219.1
Project("{FAE04EC0-301F-11D3-BF4B-00C04F79EFBC}") = "solution", "solution\solution.csproj", "{52C6EEA2-0280-47AB-8B5B-D2EEE3B4D51D}"
EndProject
Project("{FAE04EC0-301F-11D3-BF4B-00C04F79EFBC}") = "strategies", "strategies\strategies.csproj", "{BF3F4011-2701-4565-9917-C675D432B249}"
EndProject
Project("{FAE04EC0-301F-11D3-BF4B-00C04F79EFBC}") = "matrix", "matrix\matrix.csproj", "{DECB4F71-90BE-4968-BEFC-B5EB8E3943A4}"
EndProject
Project("{FAE04EC0-301F-11D3-BF4B-00C04F79EFBC}") = "context", "context\context.csproj", "{8D2DF7CD-F252-4B11-94D8-DC047110F1B4}"
EndProject
Project("{FAE04EC0-301F-11D3-BF4B-00C04F79EFBC}") = "test", "test\test.csproj", "{D955F1C8-A507-47FE-BAEF-5F95EFA05F6A}"
EndProject
Global
	GlobalSection(SolutionConfigurationPlatforms) = preSolution
		Debug|Any CPU = Debug|Any CPU
		Release|Any CPU = Release|Any CPU
	EndGlobalSection
	GlobalSection(SolutionProperties) = preSolution
		HideSolutionNode = FALSE
	EndGlobalSection
	GlobalSection(ProjectConfigurationPlatforms) = postSolution
		{52C6EEA2-0280-47AB-8B5B-D2EEE3B4D51D}.Debug|Any CPU.ActiveCfg = Debug|Any CPU
		{52C6EEA2-0280-47AB-8B5B-D2EEE3B4D51D}.Debug|Any CPU.Build.0 = Debug|Any CPU
		{52C6EEA2-0280-47AB-8B5B-D2EEE3B4D51D}.Release|Any CPU.ActiveCfg = Release|Any CPU
		{52C6EEA2-0280-47AB-8B5B-D2EEE3B4D51D}.Release|Any CPU.Build.0 = Release|Any CPU
		{BF3F4011-2701-4565-9917-C675D432B249}.Debug|Any CPU.ActiveCfg = Debug|Any CPU
		{BF3F4011-2701-4565-9917-C675D432B249}.Debug|Any CPU.Build.0 = Debug|Any CPU
		{BF3F4011-2701-4565-9917-C675D432B249}.Release|Any CPU.ActiveCfg = Release|Any CPU
		{BF3F4011-2701-4565-9917-C675D432B249}.Release|Any CPU.Build.0 = Release|Any CPU
		{DECB4F71-90BE-4968-BEFC-B5EB8E3943A4}.Debug|Any CPU.ActiveCfg = Debug|Any CPU
		{DECB4F71-90BE-4968-BEFC-B5EB8E3943A4}.Debug|Any CPU.Build.0 = Debug|Any CPU
		{DECB4F71-90BE-4968-BEFC-B5EB8E3943A4}.Release|Any CPU.ActiveCfg = Release|Any CPU
		{DECB4F71-90BE-4968-BEFC-B5EB8E3943A4}.Release|Any CPU.Build.0 = Release|Any CPU
		{8D2DF7CD-F252-4B11-94D8-DC047110F1B4}.Debug|Any CPU.ActiveCfg = Debug|Any CPU
		{8D2DF7CD-F252-4B11-94D8-DC047110F1B4}.Debug|Any CPU.Build.0 = Debug|Any CPU
		{8D2DF7CD-F252-4B11-94D8-DC047110F1B4}.Release|Any CPU.ActiveCfg = Release|Any CPU
		{8D2DF7CD-F252-4B11-94D8-DC047110F1B4}.Release|Any CPU.Build.0 = Release|Any CPU
		{D955F1C8-A507-47FE-BAEF-5F95EFA05F6A}.Debug|Any CPU.ActiveCfg = Debug|Any CPU
		{D955F1C8-A507-47FE-BAEF-5F95EFA05F6A}.Debug|Any CPU.Build.0 = Debug|Any CPU
		{D955F1C8-A507-47FE-BAEF-5F95EFA05F6A}.Release|Any CPU.ActiveCfg = Release|Any CPU
		{D955F1C8-A507-47FE-BAEF-5F95EFA05F6A}.Release|Any CPU.Build.0 = Release|Any CPU
	EndGlobalSection
EndGlobal
