
Microsoft Visual Studio Solution File, Format Version 12.00
# Visual Studio Version 16
VisualStudioVersion = 16.0.30114.105
MinimumVisualStudioVersion = 10.0.40219.1
Project("{FAE04EC0-301F-11D3-BF4B-00C04F79EFBC}") = "solution", "solution\solution.csproj", "{50A71FE1-6A9F-403C-8E46-BC5C49DCE902}"
EndProject
Project("{FAE04EC0-301F-11D3-BF4B-00C04F79EFBC}") = "context", "context\context.csproj", "{14591E2D-A87F-40D7-9D1E-2915E553B84C}"
EndProject
Project("{FAE04EC0-301F-11D3-BF4B-00C04F79EFBC}") = "observer", "broker\observer.csproj", "{10089285-DC1D-4270-A01D-233456374CEA}"
EndProject
Project("{FAE04EC0-301F-11D3-BF4B-00C04F79EFBC}") = "test", "test\test.csproj", "{2005448F-B917-45DF-95F9-9A2A865AAD0F}"
EndProject
Global
	GlobalSection(SolutionConfigurationPlatforms) = preSolution
		Debug|Any CPU = Debug|Any CPU
		Release|Any CPU = Release|Any CPU
	EndGlobalSection
	GlobalSection(SolutionProperties) = preSolution
		HideSolutionNode = FALSE
	EndGlobalSection
	GlobalSection(ProjectConfigurationPlatforms) = postSolution
		{50A71FE1-6A9F-403C-8E46-BC5C49DCE902}.Debug|Any CPU.ActiveCfg = Debug|Any CPU
		{50A71FE1-6A9F-403C-8E46-BC5C49DCE902}.Debug|Any CPU.Build.0 = Debug|Any CPU
		{50A71FE1-6A9F-403C-8E46-BC5C49DCE902}.Release|Any CPU.ActiveCfg = Release|Any CPU
		{50A71FE1-6A9F-403C-8E46-BC5C49DCE902}.Release|Any CPU.Build.0 = Release|Any CPU
		{61DD7885-7C2B-4BA7-9A4F-715C11629D5D}.Debug|Any CPU.ActiveCfg = Debug|Any CPU
		{61DD7885-7C2B-4BA7-9A4F-715C11629D5D}.Debug|Any CPU.Build.0 = Debug|Any CPU
		{61DD7885-7C2B-4BA7-9A4F-715C11629D5D}.Release|Any CPU.ActiveCfg = Release|Any CPU
		{61DD7885-7C2B-4BA7-9A4F-715C11629D5D}.Release|Any CPU.Build.0 = Release|Any CPU
		{14591E2D-A87F-40D7-9D1E-2915E553B84C}.Debug|Any CPU.ActiveCfg = Debug|Any CPU
		{14591E2D-A87F-40D7-9D1E-2915E553B84C}.Debug|Any CPU.Build.0 = Debug|Any CPU
		{14591E2D-A87F-40D7-9D1E-2915E553B84C}.Release|Any CPU.ActiveCfg = Release|Any CPU
		{14591E2D-A87F-40D7-9D1E-2915E553B84C}.Release|Any CPU.Build.0 = Release|Any CPU
		{10089285-DC1D-4270-A01D-233456374CEA}.Debug|Any CPU.ActiveCfg = Debug|Any CPU
		{10089285-DC1D-4270-A01D-233456374CEA}.Debug|Any CPU.Build.0 = Debug|Any CPU
		{10089285-DC1D-4270-A01D-233456374CEA}.Release|Any CPU.ActiveCfg = Release|Any CPU
		{10089285-DC1D-4270-A01D-233456374CEA}.Release|Any CPU.Build.0 = Release|Any CPU
		{2005448F-B917-45DF-95F9-9A2A865AAD0F}.Debug|Any CPU.ActiveCfg = Debug|Any CPU
		{2005448F-B917-45DF-95F9-9A2A865AAD0F}.Debug|Any CPU.Build.0 = Debug|Any CPU
		{2005448F-B917-45DF-95F9-9A2A865AAD0F}.Release|Any CPU.ActiveCfg = Release|Any CPU
		{2005448F-B917-45DF-95F9-9A2A865AAD0F}.Release|Any CPU.Build.0 = Release|Any CPU
	EndGlobalSection
EndGlobal
